<?xml version="1.0" encoding="utf-8"?>
<Project ToolsVersion="Current" xmlns="http://schemas.microsoft.com/developer/msbuild/2003">
  <ItemGroup>
    <Filter Include="Header Files">
      <UniqueIdentifier>{957e9721-4f08-4507-9374-d4d3d845165e}</UniqueIdentifier>
    </Filter>
    <Filter Include="Source FIles">
      <UniqueIdentifier>{1d3c049b-a5e2-4295-92fd-12d0b0669478}</UniqueIdentifier>
    </Filter>
    <Filter Include="Source FIles\GLAD">
      <UniqueIdentifier>{998434cf-adde-4e04-8502-f107f29f359d}</UniqueIdentifier>
    </Filter>
    <Filter Include="Source FIles\Utils">
      <UniqueIdentifier>{c69a58a2-cc03-4cb3-a3c0-8004efb9362f}</UniqueIdentifier>
    </Filter>
    <Filter Include="Source FIles\ShadersSource">
      <UniqueIdentifier>{7c8587d0-ba56-4369-a164-3912265c3e92}</UniqueIdentifier>
    </Filter>
  </ItemGroup>
  <ItemGroup>
    <ClCompile Include="main.cpp">
      <Filter>Source FIles</Filter>
    </ClCompile>
    <ClCompile Include="..\..\external\GLAD\src\glad.c">
      <Filter>Source FIles\GLAD</Filter>
    </ClCompile>
    <ClCompile Include="..\Utils\GLUtils.cpp">
      <Filter>Source FIles\Utils</Filter>
    </ClCompile>
  </ItemGroup>
  <ItemGroup>
    <None Include="..\Shaders\Basic.frag">
      <Filter>Source FIles\ShadersSource</Filter>
    </None>
    <None Include="..\Shaders\Basic.vert">
      <Filter>Source FIles\ShadersSource</Filter>
    </None>
  </ItemGroup>
</Project>